# THIS IS AN AUTOGENERATED FILE. DO NOT EDIT THIS FILE DIRECTLY.
# yarn lockfile v1


preact-redux@^2.0.3:
  version "2.0.3"
  resolved "https://registry.yarnpkg.com/preact-redux/-/preact-redux-2.0.3.tgz#960a535c322643cd35998f33f0c2e67bc1e7eaab"

preact@^8.2.5:
  version "8.2.5"
  resolved "https://registry.yarnpkg.com/preact/-/preact-8.2.5.tgz#cbfa3962a8012768159f6d01d46f9c1eb3213c0a"

typescript@^2.5.3:
  version "2.5.3"
  resolved "https://registry.yarnpkg.com/typescript/-/typescript-2.5.3.tgz#df3dcdc38f3beb800d4bc322646b04a3f6ca7f0d"
